Microsoft Visual Studio Solution File, Format Version 11.00
# Visual Studio 2010
Project("{FAE04EC0-301F-11D3-BF4B-00C04F79EFBC}") = "DXTabControl_DataBinding_SL", "DXTabControl_DataBinding_SL\DXTabControl_DataBinding_SL.csproj", "{1CE63A7C-61E7-4DBE-8EE0-20EC0D506137}"
EndProject
Global
	GlobalSection(SolutionConfigurationPlatforms) = preSolution
		Debug|Any CPU = Debug|Any CPU
		Release|Any CPU = Release|Any CPU
	EndGlobalSection
	GlobalSection(ProjectConfigurationPlatforms) = postSolution
		{1CE63A7C-61E7-4DBE-8EE0-20EC0D506137}.Debug|Any CPU.ActiveCfg = Debug|Any CPU
		{1CE63A7C-61E7-4DBE-8EE0-20EC0D506137}.Debug|Any CPU.Build.0 = Debug|Any CPU
		{1CE63A7C-61E7-4DBE-8EE0-20EC0D506137}.Release|Any CPU.ActiveCfg = Release|Any CPU
		{1CE63A7C-61E7-4DBE-8EE0-20EC0D506137}.Release|Any CPU.Build.0 = Release|Any CPU
	EndGlobalSection
	GlobalSection(SolutionProperties) = preSolution
		HideSolutionNode = FALSE
	EndGlobalSection
EndGlobal
